{
  "nodes": {
    "home-manager": {
      "inputs": {
        "nixpkgs": [
          "nixpkgs"
        ]
      },
      "locked": {
        "lastModified": 1685721552,
        "narHash": "sha256-ifvq/zlO7lck8q+YkC5uom/h8/MVdMcQEldOL3cDQW0=",
        "owner": "nix-community",
        "repo": "home-manager",
        "rev": "29519461834c08395b35f840811faf8c23e3b61c",
        "type": "github"
      },
      "original": {
        "owner": "nix-community",
        "repo": "home-manager",
        "type": "github"
      }
    },
    "nixpkgs": {
      "locked": {
        "lastModified": 1685770779,
        "narHash": "sha256-cJd4Bf0jUOG/l/k9I83IYsq9jDFPyLAfiIw1cjErcTU=",
        "owner": "NixOS",
        "repo": "nixpkgs",
        "rev": "f04dbdd29e954e51e98d2a0896c13180f5247143",
        "type": "github"
      },
      "original": {
        "owner": "NixOS",
        "repo": "nixpkgs",
        "type": "github"
      }
    },
    "nur": {
      "locked": {
        "lastModified": 1685773857,
        "narHash": "sha256-+6yT4cSf6lB7yPkVLqmtS+yVxwCk0QqDQB8LtLRx1fo=",
        "owner": "nix-community",
        "repo": "NUR",
        "rev": "3731c53c264e18f73c6a258a685f4331189b1a0b",
        "type": "github"
      },
      "original": {
        "owner": "nix-community",
        "repo": "NUR",
        "type": "github"
      }
    },
    "root": {
      "inputs": {
        "home-manager": "home-manager",
        "nixpkgs": "nixpkgs",
        "nur": "nur"
      }
    }
  },
  "root": "root",
  "version": 7
}
