{
  "nodes": {
    "home-manager": {
      "inputs": {
        "nixpkgs": [
          "nixpkgs"
        ],
        "utils": "utils"
      },
      "locked": {
        "lastModified": 1671459164,
        "narHash": "sha256-RbkDnvLV7WjbiF4Dpiezrf8kXxwieQXAVtY8ciRQj6Q=",
        "owner": "nix-community",
        "repo": "home-manager",
        "rev": "e7eba9cc46547ae86642ad3c6a9a4fb22c07bc26",
        "type": "github"
      },
      "original": {
        "owner": "nix-community",
        "repo": "home-manager",
        "type": "github"
      }
    },
    "nixpkgs": {
      "locked": {
        "lastModified": 1671576388,
        "narHash": "sha256-WKt38THHo81dPMRMXpPk9OtqfoF4yiGxSQgaamnYz/o=",
        "owner": "NixOS",
        "repo": "nixpkgs",
        "rev": "e557010c6a192c51df4ff07e858c6d46af059e5c",
        "type": "github"
      },
      "original": {
        "owner": "NixOS",
        "repo": "nixpkgs",
        "type": "github"
      }
    },
    "nur": {
      "locked": {
        "lastModified": 1671576377,
        "narHash": "sha256-vwH0VXUp8LfXGpn/G5ylj6Dp4cddRPBAQjX7ffGA8xw=",
        "owner": "nix-community",
        "repo": "NUR",
        "rev": "4d282c4feb278c44f083776ce655fcd4c20e8ccd",
        "type": "github"
      },
      "original": {
        "owner": "nix-community",
        "repo": "NUR",
        "type": "github"
      }
    },
    "root": {
      "inputs": {
        "home-manager": "home-manager",
        "nixpkgs": "nixpkgs",
        "nur": "nur"
      }
    },
    "utils": {
      "locked": {
        "lastModified": 1667395993,
        "narHash": "sha256-nuEHfE/LcWyuSWnS8t12N1wc105Qtau+/OdUAjtQ0rA=",
        "owner": "numtide",
        "repo": "flake-utils",
        "rev": "5aed5285a952e0b949eb3ba02c12fa4fcfef535f",
        "type": "github"
      },
      "original": {
        "owner": "numtide",
        "repo": "flake-utils",
        "type": "github"
      }
    }
  },
  "root": "root",
  "version": 7
}
